// !$*UTF8*$!
{
	archiveVersion = 1;
	classes = {
	};
	objectVersion = 48;
	objects = {

/* Begin PBXBuildFile section */
		47CB571A1E3ED8C691111890 /* Pods_ImageGalleryTests.framework in Frameworks */ = {isa = PBXBuildFile; fileRef = 4CD007F820C02160651A42B5 /* Pods_ImageGalleryTests.framework */; };
		A85D1598204D70AF0047C80E /* AppDelegate.swift in Sources */ = {isa = PBXBuildFile; fileRef = A85D1597204D70AF0047C80E /* AppDelegate.swift */; };
		A85D159A204D70AF0047C80E /* ViewController.swift in Sources */ = {isa = PBXBuildFile; fileRef = A85D1599204D70AF0047C80E /* ViewController.swift */; };
		A85D159D204D70AF0047C80E /* Main.storyboard in Resources */ = {isa = PBXBuildFile; fileRef = A85D159B204D70AF0047C80E /* Main.storyboard */; };
		A85D159F204D70AF0047C80E /* Assets.xcassets in Resources */ = {isa = PBXBuildFile; fileRef = A85D159E204D70AF0047C80E /* Assets.xcassets */; };
		A85D15A2204D70AF0047C80E /* LaunchScreen.storyboard in Resources */ = {isa = PBXBuildFile; fileRef = A85D15A0204D70AF0047C80E /* LaunchScreen.storyboard */; };
		A85D15AD204D70AF0047C80E /* ImageGalleryTests.swift in Sources */ = {isa = PBXBuildFile; fileRef = A85D15AC204D70AF0047C80E /* ImageGalleryTests.swift */; };
		A85D15CA204D7F000047C80E /* ImageGalleryViewController.swift in Sources */ = {isa = PBXBuildFile; fileRef = A85D15C9204D7F000047C80E /* ImageGalleryViewController.swift */; };
		A85D15CC204D7F1B0047C80E /* ImageCaptureViewController.swift in Sources */ = {isa = PBXBuildFile; fileRef = A85D15CB204D7F1B0047C80E /* ImageCaptureViewController.swift */; };
		A85D15CE204D7F260047C80E /* AboutViewController.swift in Sources */ = {isa = PBXBuildFile; fileRef = A85D15CD204D7F260047C80E /* AboutViewController.swift */; };
		A85D15D0204D80EB0047C80E /* TabBarController.swift in Sources */ = {isa = PBXBuildFile; fileRef = A85D15CF204D80EB0047C80E /* TabBarController.swift */; };
		F0FDFBEC8BB000C7F17A9BA8 /* Pods_ImageGallery.framework in Frameworks */ = {isa = PBXBuildFile; fileRef = 47A538E51409CE8EBF9A2FAC /* Pods_ImageGallery.framework */; };
/* End PBXBuildFile section */

/* Begin PBXContainerItemProxy section */
		A85D15A9204D70AF0047C80E /* PBXContainerItemProxy */ = {
			isa = PBXContainerItemProxy;
			containerPortal = A85D158C204D70AF0047C80E /* Project object */;
			proxyType = 1;
			remoteGlobalIDString = A85D1593204D70AF0047C80E;
			remoteInfo = ImageGallery;
		};
/* End PBXContainerItemProxy section */

/* Begin PBXFileReference section */
		142A3E92E53086D065439A26 /* Pods-ImageGalleryTests.debug.xcconfig */ = {isa = PBXFileReference; includeInIndex = 1; lastKnownFileType = text.xcconfig; name = "Pods-ImageGalleryTests.debug.xcconfig"; path = "Pods/Target Support Files/Pods-ImageGalleryTests/Pods-ImageGalleryTests.debug.xcconfig"; sourceTree = "<group>"; };
		27339CE57C1D0D018F82A85B /* Pods-ImageGallery.debug.xcconfig */ = {isa = PBXFileReference; includeInIndex = 1; lastKnownFileType = text.xcconfig; name = "Pods-ImageGallery.debug.xcconfig"; path = "Pods/Target Support Files/Pods-ImageGallery/Pods-ImageGallery.debug.xcconfig"; sourceTree = "<group>"; };
		47A538E51409CE8EBF9A2FAC /* Pods_ImageGallery.framework */ = {isa = PBXFileReference; explicitFileType = wrapper.framework; includeInIndex = 0; path = Pods_ImageGallery.framework; sourceTree = BUILT_PRODUCTS_DIR; };
		4BBAFC6B1F11D4D72EA0E9A9 /* Pods-ImageGalleryTests.release.xcconfig */ = {isa = PBXFileReference; includeInIndex = 1; lastKnownFileType = text.xcconfig; name = "Pods-ImageGalleryTests.release.xcconfig"; path = "Pods/Target Support Files/Pods-ImageGalleryTests/Pods-ImageGalleryTests.release.xcconfig"; sourceTree = "<group>"; };
		4CD007F820C02160651A42B5 /* Pods_ImageGalleryTests.framework */ = {isa = PBXFileReference; explicitFileType = wrapper.framework; includeInIndex = 0; path = Pods_ImageGalleryTests.framework; sourceTree = BUILT_PRODUCTS_DIR; };
		A1FA458A708820A98B42BF48 /* Pods-ImageGallery.release.xcconfig */ = {isa = PBXFileReference; includeInIndex = 1; lastKnownFileType = text.xcconfig; name = "Pods-ImageGallery.release.xcconfig"; path = "Pods/Target Support Files/Pods-ImageGallery/Pods-ImageGallery.release.xcconfig"; sourceTree = "<group>"; };
		A85D1594204D70AF0047C80E /* ImageGallery.app */ = {isa = PBXFileReference; explicitFileType = wrapper.application; includeInIndex = 0; path = ImageGallery.app; sourceTree = BUILT_PRODUCTS_DIR; };
		A85D1597204D70AF0047C80E /* AppDelegate.swift */ = {isa = PBXFileReference; lastKnownFileType = sourcecode.swift; path = AppDelegate.swift; sourceTree = "<group>"; };
		A85D1599204D70AF0047C80E /* ViewController.swift */ = {isa = PBXFileReference; lastKnownFileType = sourcecode.swift; path = ViewController.swift; sourceTree = "<group>"; };
		A85D159C204D70AF0047C80E /* Base */ = {isa = PBXFileReference; lastKnownFileType = file.storyboard; name = Base; path = Base.lproj/Main.storyboard; sourceTree = "<group>"; };
		A85D159E204D70AF0047C80E /* Assets.xcassets */ = {isa = PBXFileReference; lastKnownFileType = folder.assetcatalog; path = Assets.xcassets; sourceTree = "<group>"; };
		A85D15A1204D70AF0047C80E /* Base */ = {isa = PBXFileReference; lastKnownFileType = file.storyboard; name = Base; path = Base.lproj/LaunchScreen.storyboard; sourceTree = "<group>"; };
		A85D15A3204D70AF0047C80E /* Info.plist */ = {isa = PBXFileReference; lastKnownFileType = text.plist.xml; path = Info.plist; sourceTree = "<group>"; };
		A85D15A8204D70AF0047C80E /* ImageGalleryTests.xctest */ = {isa = PBXFileReference; explicitFileType = wrapper.cfbundle; includeInIndex = 0; path = ImageGalleryTests.xctest; sourceTree = BUILT_PRODUCTS_DIR; };
		A85D15AC204D70AF0047C80E /* ImageGalleryTests.swift */ = {isa = PBXFileReference; lastKnownFileType = sourcecode.swift; path = ImageGalleryTests.swift; sourceTree = "<group>"; };
		A85D15AE204D70AF0047C80E /* Info.plist */ = {isa = PBXFileReference; lastKnownFileType = text.plist.xml; path = Info.plist; sourceTree = "<group>"; };
		A85D15C9204D7F000047C80E /* ImageGalleryViewController.swift */ = {isa = PBXFileReference; lastKnownFileType = sourcecode.swift; path = ImageGalleryViewController.swift; sourceTree = "<group>"; };
		A85D15CB204D7F1B0047C80E /* ImageCaptureViewController.swift */ = {isa = PBXFileReference; lastKnownFileType = sourcecode.swift; path = ImageCaptureViewController.swift; sourceTree = "<group>"; };
		A85D15CD204D7F260047C80E /* AboutViewController.swift */ = {isa = PBXFileReference; lastKnownFileType = sourcecode.swift; path = AboutViewController.swift; sourceTree = "<group>"; };
		A85D15CF204D80EB0047C80E /* TabBarController.swift */ = {isa = PBXFileReference; lastKnownFileType = sourcecode.swift; path = TabBarController.swift; sourceTree = "<group>"; };
/* End PBXFileReference section */

/* Begin PBXFrameworksBuildPhase section */
		A85D1591204D70AF0047C80E /* Frameworks */ = {
			isa = PBXFrameworksBuildPhase;
			buildActionMask = 2147483647;
			files = (
				F0FDFBEC8BB000C7F17A9BA8 /* Pods_ImageGallery.framework in Frameworks */,
			);
			runOnlyForDeploymentPostprocessing = 0;
		};
		A85D15A5204D70AF0047C80E /* Frameworks */ = {
			isa = PBXFrameworksBuildPhase;
			buildActionMask = 2147483647;
			files = (
				47CB571A1E3ED8C691111890 /* Pods_ImageGalleryTests.framework in Frameworks */,
			);
			runOnlyForDeploymentPostprocessing = 0;
		};
/* End PBXFrameworksBuildPhase section */

/* Begin PBXGroup section */
		19D81195E7488803DE620E8B /* Frameworks */ = {
			isa = PBXGroup;
			children = (
				47A538E51409CE8EBF9A2FAC /* Pods_ImageGallery.framework */,
				4CD007F820C02160651A42B5 /* Pods_ImageGalleryTests.framework */,
			);
			name = Frameworks;
			sourceTree = "<group>";
		};
		6C743FFDCCF014ED234C162C /* Pods */ = {
			isa = PBXGroup;
			children = (
				27339CE57C1D0D018F82A85B /* Pods-ImageGallery.debug.xcconfig */,
				A1FA458A708820A98B42BF48 /* Pods-ImageGallery.release.xcconfig */,
				142A3E92E53086D065439A26 /* Pods-ImageGalleryTests.debug.xcconfig */,
				4BBAFC6B1F11D4D72EA0E9A9 /* Pods-ImageGalleryTests.release.xcconfig */,
			);
			name = Pods;
			sourceTree = "<group>";
		};
		A85D158B204D70AF0047C80E = {
			isa = PBXGroup;
			children = (
				A85D1596204D70AF0047C80E /* ImageGallery */,
				A85D15AB204D70AF0047C80E /* ImageGalleryTests */,
				A85D1595204D70AF0047C80E /* Products */,
				6C743FFDCCF014ED234C162C /* Pods */,
				19D81195E7488803DE620E8B /* Frameworks */,
			);
			sourceTree = "<group>";
		};
		A85D1595204D70AF0047C80E /* Products */ = {
			isa = PBXGroup;
			children = (
				A85D1594204D70AF0047C80E /* ImageGallery.app */,
				A85D15A8204D70AF0047C80E /* ImageGalleryTests.xctest */,
			);
			name = Products;
			sourceTree = "<group>";
		};
		A85D1596204D70AF0047C80E /* ImageGallery */ = {
			isa = PBXGroup;
			children = (
				A85D1597204D70AF0047C80E /* AppDelegate.swift */,
				A85D1599204D70AF0047C80E /* ViewController.swift */,
				A85D15CF204D80EB0047C80E /* TabBarController.swift */,
				A85D159B204D70AF0047C80E /* Main.storyboard */,
				A85D15C6204D73380047C80E /* Utilitise */,
				A85D15B7204D73380047C80E /* Gallery */,
				A85D15BC204D73380047C80E /* Camera */,
				A85D15C1204D73380047C80E /* About */,
				A85D159E204D70AF0047C80E /* Assets.xcassets */,
				A85D15A0204D70AF0047C80E /* LaunchScreen.storyboard */,
				A85D15A3204D70AF0047C80E /* Info.plist */,
			);
			path = ImageGallery;
			sourceTree = "<group>";
		};
		A85D15AB204D70AF0047C80E /* ImageGalleryTests */ = {
			isa = PBXGroup;
			children = (
				A85D15AC204D70AF0047C80E /* ImageGalleryTests.swift */,
				A85D15AE204D70AF0047C80E /* Info.plist */,
			);
			path = ImageGalleryTests;
			sourceTree = "<group>";
		};
		A85D15B7204D73380047C80E /* Gallery */ = {
			isa = PBXGroup;
			children = (
				A85D15B8204D73380047C80E /* ViewModel */,
				A85D15B9204D73380047C80E /* Model */,
				A85D15BA204D73380047C80E /* Controllers */,
				A85D15BB204D73380047C80E /* Views */,
			);
			path = Gallery;
			sourceTree = "<group>";
		};
		A85D15B8204D73380047C80E /* ViewModel */ = {
			isa = PBXGroup;
			children = (
			);
			path = ViewModel;
			sourceTree = "<group>";
		};
		A85D15B9204D73380047C80E /* Model */ = {
			isa = PBXGroup;
			children = (
			);
			path = Model;
			sourceTree = "<group>";
		};
		A85D15BA204D73380047C80E /* Controllers */ = {
			isa = PBXGroup;
			children = (
				A85D15C9204D7F000047C80E /* ImageGalleryViewController.swift */,
			);
			path = Controllers;
			sourceTree = "<group>";
		};
		A85D15BB204D73380047C80E /* Views */ = {
			isa = PBXGroup;
			children = (
			);
			path = Views;
			sourceTree = "<group>";
		};
		A85D15BC204D73380047C80E /* Camera */ = {
			isa = PBXGroup;
			children = (
				A85D15BD204D73380047C80E /* ViewModel */,
				A85D15BE204D73380047C80E /* Model */,
				A85D15BF204D73380047C80E /* Controllers */,
				A85D15C0204D73380047C80E /* Views */,
			);
			path = Camera;
			sourceTree = "<group>";
		};
		A85D15BD204D73380047C80E /* ViewModel */ = {
			isa = PBXGroup;
			children = (
			);
			path = ViewModel;
			sourceTree = "<group>";
		};
		A85D15BE204D73380047C80E /* Model */ = {
			isa = PBXGroup;
			children = (
			);
			path = Model;
			sourceTree = "<group>";
		};
		A85D15BF204D73380047C80E /* Controllers */ = {
			isa = PBXGroup;
			children = (
				A85D15CB204D7F1B0047C80E /* ImageCaptureViewController.swift */,
			);
			path = Controllers;
			sourceTree = "<group>";
		};
		A85D15C0204D73380047C80E /* Views */ = {
			isa = PBXGroup;
			children = (
			);
			path = Views;
			sourceTree = "<group>";
		};
		A85D15C1204D73380047C80E /* About */ = {
			isa = PBXGroup;
			children = (
				A85D15C2204D73380047C80E /* ViewModel */,
				A85D15C3204D73380047C80E /* Model */,
				A85D15C4204D73380047C80E /* Controllers */,
				A85D15C5204D73380047C80E /* Views */,
			);
			path = About;
			sourceTree = "<group>";
		};
		A85D15C2204D73380047C80E /* ViewModel */ = {
			isa = PBXGroup;
			children = (
			);
			path = ViewModel;
			sourceTree = "<group>";
		};
		A85D15C3204D73380047C80E /* Model */ = {
			isa = PBXGroup;
			children = (
			);
			path = Model;
			sourceTree = "<group>";
		};
		A85D15C4204D73380047C80E /* Controllers */ = {
			isa = PBXGroup;
			children = (
				A85D15CD204D7F260047C80E /* AboutViewController.swift */,
			);
			path = Controllers;
			sourceTree = "<group>";
		};
		A85D15C5204D73380047C80E /* Views */ = {
			isa = PBXGroup;
			children = (
			);
			path = Views;
			sourceTree = "<group>";
		};
		A85D15C6204D73380047C80E /* Utilitise */ = {
			isa = PBXGroup;
			children = (
				A85D15C7204D73380047C80E /* Extensions */,
			);
			path = Utilitise;
			sourceTree = "<group>";
		};
		A85D15C7204D73380047C80E /* Extensions */ = {
			isa = PBXGroup;
			children = (
			);
			path = Extensions;
			sourceTree = "<group>";
		};
/* End PBXGroup section */

/* Begin PBXNativeTarget section */
		A85D1593204D70AF0047C80E /* ImageGallery */ = {
			isa = PBXNativeTarget;
			buildConfigurationList = A85D15B1204D70AF0047C80E /* Build configuration list for PBXNativeTarget "ImageGallery" */;
			buildPhases = (
				41AC8FA94C5CC1FFD8C15CFD /* [CP] Check Pods Manifest.lock */,
				A85D1590204D70AF0047C80E /* Sources */,
				A85D1591204D70AF0047C80E /* Frameworks */,
				A85D1592204D70AF0047C80E /* Resources */,
				2459125DE56187166A23590F /* [CP] Embed Pods Frameworks */,
				2E694A0D7303B4DC9C546E1A /* [CP] Copy Pods Resources */,
			);
			buildRules = (
			);
			dependencies = (
			);
			name = ImageGallery;
			productName = ImageGallery;
			productReference = A85D1594204D70AF0047C80E /* ImageGallery.app */;
			productType = "com.apple.product-type.application";
		};
		A85D15A7204D70AF0047C80E /* ImageGalleryTests */ = {
			isa = PBXNativeTarget;
			buildConfigurationList = A85D15B4204D70AF0047C80E /* Build configuration list for PBXNativeTarget "ImageGalleryTests" */;
			buildPhases = (
				13919193988233F9AEBB6B01 /* [CP] Check Pods Manifest.lock */,
				A85D15A4204D70AF0047C80E /* Sources */,
				A85D15A5204D70AF0047C80E /* Frameworks */,
				A85D15A6204D70AF0047C80E /* Resources */,
				CA254A59E04B42A8D511142A /* [CP] Embed Pods Frameworks */,
				E7313BFFBE7F77BD2C1656BB /* [CP] Copy Pods Resources */,
			);
			buildRules = (
			);
			dependencies = (
				A85D15AA204D70AF0047C80E /* PBXTargetDependency */,
			);
			name = ImageGalleryTests;
			productName = ImageGalleryTests;
			productReference = A85D15A8204D70AF0047C80E /* ImageGalleryTests.xctest */;
			productType = "com.apple.product-type.bundle.unit-test";
		};
/* End PBXNativeTarget section */

/* Begin PBXProject section */
		A85D158C204D70AF0047C80E /* Project object */ = {
			isa = PBXProject;
			attributes = {
				LastSwiftUpdateCheck = 0920;
				LastUpgradeCheck = 0920;
				ORGANIZATIONNAME = arkTechs;
				TargetAttributes = {
					A85D1593204D70AF0047C80E = {
						CreatedOnToolsVersion = 9.2;
						ProvisioningStyle = Automatic;
					};
					A85D15A7204D70AF0047C80E = {
						CreatedOnToolsVersion = 9.2;
						ProvisioningStyle = Automatic;
						TestTargetID = A85D1593204D70AF0047C80E;
					};
				};
			};
			buildConfigurationList = A85D158F204D70AF0047C80E /* Build configuration list for PBXProject "ImageGallery" */;
			compatibilityVersion = "Xcode 8.0";
			developmentRegion = en;
			hasScannedForEncodings = 0;
			knownRegions = (
				en,
				Base,
			);
			mainGroup = A85D158B204D70AF0047C80E;
			productRefGroup = A85D1595204D70AF0047C80E /* Products */;
			projectDirPath = "";
			projectRoot = "";
			targets = (
				A85D1593204D70AF0047C80E /* ImageGallery */,
				A85D15A7204D70AF0047C80E /* ImageGalleryTests */,
			);
		};
/* End PBXProject section */

/* Begin PBXResourcesBuildPhase section */
		A85D1592204D70AF0047C80E /* Resources */ = {
			isa = PBXResourcesBuildPhase;
			buildActionMask = 2147483647;
			files = (
				A85D15A2204D70AF0047C80E /* LaunchScreen.storyboard in Resources */,
				A85D159F204D70AF0047C80E /* Assets.xcassets in Resources */,
				A85D159D204D70AF0047C80E /* Main.storyboard in Resources */,
			);
			runOnlyForDeploymentPostprocessing = 0;
		};
		A85D15A6204D70AF0047C80E /* Resources */ = {
			isa = PBXResourcesBuildPhase;
			buildActionMask = 2147483647;
			files = (
			);
			runOnlyForDeploymentPostprocessing = 0;
		};
/* End PBXResourcesBuildPhase section */

/* Begin PBXShellScriptBuildPhase section */
		13919193988233F9AEBB6B01 /* [CP] Check Pods Manifest.lock */ = {
			isa = PBXShellScriptBuildPhase;
			buildActionMask = 2147483647;
			files = (
			);
			inputPaths = (
				"${PODS_PODFILE_DIR_PATH}/Podfile.lock",
				"${PODS_ROOT}/Manifest.lock",
			);
			name = "[CP] Check Pods Manifest.lock";
			outputPaths = (
				"$(DERIVED_FILE_DIR)/Pods-ImageGalleryTests-checkManifestLockResult.txt",
			);
			runOnlyForDeploymentPostprocessing = 0;
			shellPath = /bin/sh;
			shellScript = "diff \"${PODS_PODFILE_DIR_PATH}/Podfile.lock\" \"${PODS_ROOT}/Manifest.lock\" > /dev/null\nif [ $? != 0 ] ; then\n    # print error to STDERR\n    echo \"error: The sandbox is not in sync with the Podfile.lock. Run 'pod install' or update your CocoaPods installation.\" >&2\n    exit 1\nfi\n# This output is used by Xcode 'outputs' to avoid re-running this script phase.\necho \"SUCCESS\" > \"${SCRIPT_OUTPUT_FILE_0}\"\n";
			showEnvVarsInLog = 0;
		};
		2459125DE56187166A23590F /* [CP] Embed Pods Frameworks */ = {
			isa = PBXShellScriptBuildPhase;
			buildActionMask = 2147483647;
			files = (
			);
			inputPaths = (
			);
			name = "[CP] Embed Pods Frameworks";
			outputPaths = (
			);
			runOnlyForDeploymentPostprocessing = 0;
			shellPath = /bin/sh;
			shellScript = "\"${SRCROOT}/Pods/Target Support Files/Pods-ImageGallery/Pods-ImageGallery-frameworks.sh\"\n";
			showEnvVarsInLog = 0;
		};
		2E694A0D7303B4DC9C546E1A /* [CP] Copy Pods Resources */ = {
			isa = PBXShellScriptBuildPhase;
			buildActionMask = 2147483647;
			files = (
			);
			inputPaths = (
			);
			name = "[CP] Copy Pods Resources";
			outputPaths = (
			);
			runOnlyForDeploymentPostprocessing = 0;
			shellPath = /bin/sh;
			shellScript = "\"${SRCROOT}/Pods/Target Support Files/Pods-ImageGallery/Pods-ImageGallery-resources.sh\"\n";
			showEnvVarsInLog = 0;
		};
		41AC8FA94C5CC1FFD8C15CFD /* [CP] Check Pods Manifest.lock */ = {
			isa = PBXShellScriptBuildPhase;
			buildActionMask = 2147483647;
			files = (
			);
			inputPaths = (
				"${PODS_PODFILE_DIR_PATH}/Podfile.lock",
				"${PODS_ROOT}/Manifest.lock",
			);
			name = "[CP] Check Pods Manifest.lock";
			outputPaths = (
				"$(DERIVED_FILE_DIR)/Pods-ImageGallery-checkManifestLockResult.txt",
			);
			runOnlyForDeploymentPostprocessing = 0;
			shellPath = /bin/sh;
			shellScript = "diff \"${PODS_PODFILE_DIR_PATH}/Podfile.lock\" \"${PODS_ROOT}/Manifest.lock\" > /dev/null\nif [ $? != 0 ] ; then\n    # print error to STDERR\n    echo \"error: The sandbox is not in sync with the Podfile.lock. Run 'pod install' or update your CocoaPods installation.\" >&2\n    exit 1\nfi\n# This output is used by Xcode 'outputs' to avoid re-running this script phase.\necho \"SUCCESS\" > \"${SCRIPT_OUTPUT_FILE_0}\"\n";
			showEnvVarsInLog = 0;
		};
		CA254A59E04B42A8D511142A /* [CP] Embed Pods Frameworks */ = {
			isa = PBXShellScriptBuildPhase;
			buildActionMask = 2147483647;
			files = (
			);
			inputPaths = (
				"${SRCROOT}/Pods/Target Support Files/Pods-ImageGalleryTests/Pods-ImageGalleryTests-frameworks.sh",
				"${BUILT_PRODUCTS_DIR}/Nimble/Nimble.framework",
				"${BUILT_PRODUCTS_DIR}/Quick/Quick.framework",
			);
			name = "[CP] Embed Pods Frameworks";
			outputPaths = (
				"${TARGET_BUILD_DIR}/${FRAMEWORKS_FOLDER_PATH}/Nimble.framework",
				"${TARGET_BUILD_DIR}/${FRAMEWORKS_FOLDER_PATH}/Quick.framework",
			);
			runOnlyForDeploymentPostprocessing = 0;
			shellPath = /bin/sh;
			shellScript = "\"${SRCROOT}/Pods/Target Support Files/Pods-ImageGalleryTests/Pods-ImageGalleryTests-frameworks.sh\"\n";
			showEnvVarsInLog = 0;
		};
		E7313BFFBE7F77BD2C1656BB /* [CP] Copy Pods Resources */ = {
			isa = PBXShellScriptBuildPhase;
			buildActionMask = 2147483647;
			files = (
			);
			inputPaths = (
			);
			name = "[CP] Copy Pods Resources";
			outputPaths = (
			);
			runOnlyForDeploymentPostprocessing = 0;
			shellPath = /bin/sh;
			shellScript = "\"${SRCROOT}/Pods/Target Support Files/Pods-ImageGalleryTests/Pods-ImageGalleryTests-resources.sh\"\n";
			showEnvVarsInLog = 0;
		};
/* End PBXShellScriptBuildPhase section */

/* Begin PBXSourcesBuildPhase section */
		A85D1590204D70AF0047C80E /* Sources */ = {
			isa = PBXSourcesBuildPhase;
			buildActionMask = 2147483647;
			files = (
				A85D159A204D70AF0047C80E /* ViewController.swift in Sources */,
				A85D1598204D70AF0047C80E /* AppDelegate.swift in Sources */,
				A85D15CC204D7F1B0047C80E /* ImageCaptureViewController.swift in Sources */,
				A85D15D0204D80EB0047C80E /* TabBarController.swift in Sources */,
				A85D15CE204D7F260047C80E /* AboutViewController.swift in Sources */,
				A85D15CA204D7F000047C80E /* ImageGalleryViewController.swift in Sources */,
			);
			runOnlyForDeploymentPostprocessing = 0;
		};
		A85D15A4204D70AF0047C80E /* Sources */ = {
			isa = PBXSourcesBuildPhase;
			buildActionMask = 2147483647;
			files = (
				A85D15AD204D70AF0047C80E /* ImageGalleryTests.swift in Sources */,
			);
			runOnlyForDeploymentPostprocessing = 0;
		};
/* End PBXSourcesBuildPhase section */

/* Begin PBXTargetDependency section */
		A85D15AA204D70AF0047C80E /* PBXTargetDependency */ = {
			isa = PBXTargetDependency;
			target = A85D1593204D70AF0047C80E /* ImageGallery */;
			targetProxy = A85D15A9204D70AF0047C80E /* PBXContainerItemProxy */;
		};
/* End PBXTargetDependency section */

/* Begin PBXVariantGroup section */
		A85D159B204D70AF0047C80E /* Main.storyboard */ = {
			isa = PBXVariantGroup;
			children = (
				A85D159C204D70AF0047C80E /* Base */,
			);
			name = Main.storyboard;
			sourceTree = "<group>";
		};
		A85D15A0204D70AF0047C80E /* LaunchScreen.storyboard */ = {
			isa = PBXVariantGroup;
			children = (
				A85D15A1204D70AF0047C80E /* Base */,
			);
			name = LaunchScreen.storyboard;
			sourceTree = "<group>";
		};
/* End PBXVariantGroup section */

/* Begin XCBuildConfiguration section */
		A85D15AF204D70AF0047C80E /* Debug */ = {
			isa = XCBuildConfiguration;
			buildSettings = {
				ALWAYS_SEARCH_USER_PATHS = NO;
				CLANG_ANALYZER_NONNULL = YES;
				CLANG_ANALYZER_NUMBER_OBJECT_CONVERSION = YES_AGGRESSIVE;
				CLANG_CXX_LANGUAGE_STANDARD = "gnu++14";
				CLANG_CXX_LIBRARY = "libc++";
				CLANG_ENABLE_MODULES = YES;
				CLANG_ENABLE_OBJC_ARC = YES;
				CLANG_WARN_BLOCK_CAPTURE_AUTORELEASING = YES;
				CLANG_WARN_BOOL_CONVERSION = YES;
				CLANG_WARN_COMMA = YES;
				CLANG_WARN_CONSTANT_CONVERSION = YES;
				CLANG_WARN_DIRECT_OBJC_ISA_USAGE = YES_ERROR;
				CLANG_WARN_DOCUMENTATION_COMMENTS = YES;
				CLANG_WARN_EMPTY_BODY = YES;
				CLANG_WARN_ENUM_CONVERSION = YES;
				CLANG_WARN_INFINITE_RECURSION = YES;
				CLANG_WARN_INT_CONVERSION = YES;
				CLANG_WARN_NON_LITERAL_NULL_CONVERSION = YES;
				CLANG_WARN_OBJC_LITERAL_CONVERSION = YES;
				CLANG_WARN_OBJC_ROOT_CLASS = YES_ERROR;
				CLANG_WARN_RANGE_LOOP_ANALYSIS = YES;
				CLANG_WARN_STRICT_PROTOTYPES = YES;
				CLANG_WARN_SUSPICIOUS_MOVE = YES;
				CLANG_WARN_UNGUARDED_AVAILABILITY = YES_AGGRESSIVE;
				CLANG_WARN_UNREACHABLE_CODE = YES;
				CLANG_WARN__DUPLICATE_METHOD_MATCH = YES;
				CODE_SIGN_IDENTITY = "iPhone Developer";
				COPY_PHASE_STRIP = NO;
				DEBUG_INFORMATION_FORMAT = dwarf;
				ENABLE_STRICT_OBJC_MSGSEND = YES;
				ENABLE_TESTABILITY = YES;
				GCC_C_LANGUAGE_STANDARD = gnu11;
				GCC_DYNAMIC_NO_PIC = NO;
				GCC_NO_COMMON_BLOCKS = YES;
				GCC_OPTIMIZATION_LEVEL = 0;
				GCC_PREPROCESSOR_DEFINITIONS = (
					"DEBUG=1",
					"$(inherited)",
				);
				GCC_WARN_64_TO_32_BIT_CONVERSION = YES;
				GCC_WARN_ABOUT_RETURN_TYPE = YES_ERROR;
				GCC_WARN_UNDECLARED_SELECTOR = YES;
				GCC_WARN_UNINITIALIZED_AUTOS = YES_AGGRESSIVE;
				GCC_WARN_UNUSED_FUNCTION = YES;
				GCC_WARN_UNUSED_VARIABLE = YES;
				IPHONEOS_DEPLOYMENT_TARGET = 10.0;
				MTL_ENABLE_DEBUG_INFO = YES;
				ONLY_ACTIVE_ARCH = YES;
				SDKROOT = iphoneos;
				SWIFT_ACTIVE_COMPILATION_CONDITIONS = DEBUG;
				SWIFT_OPTIMIZATION_LEVEL = "-Onone";
			};
			name = Debug;
		};
		A85D15B0204D70AF0047C80E /* Release */ = {
			isa = XCBuildConfiguration;
			buildSettings = {
				ALWAYS_SEARCH_USER_PATHS = NO;
				CLANG_ANALYZER_NONNULL = YES;
				CLANG_ANALYZER_NUMBER_OBJECT_CONVERSION = YES_AGGRESSIVE;
				CLANG_CXX_LANGUAGE_STANDARD = "gnu++14";
				CLANG_CXX_LIBRARY = "libc++";
				CLANG_ENABLE_MODULES = YES;
				CLANG_ENABLE_OBJC_ARC = YES;
				CLANG_WARN_BLOCK_CAPTURE_AUTORELEASING = YES;
				CLANG_WARN_BOOL_CONVERSION = YES;
				CLANG_WARN_COMMA = YES;
				CLANG_WARN_CONSTANT_CONVERSION = YES;
				CLANG_WARN_DIRECT_OBJC_ISA_USAGE = YES_ERROR;
				CLANG_WARN_DOCUMENTATION_COMMENTS = YES;
				CLANG_WARN_EMPTY_BODY = YES;
				CLANG_WARN_ENUM_CONVERSION = YES;
				CLANG_WARN_INFINITE_RECURSION = YES;
				CLANG_WARN_INT_CONVERSION = YES;
				CLANG_WARN_NON_LITERAL_NULL_CONVERSION = YES;
				CLANG_WARN_OBJC_LITERAL_CONVERSION = YES;
				CLANG_WARN_OBJC_ROOT_CLASS = YES_ERROR;
				CLANG_WARN_RANGE_LOOP_ANALYSIS = YES;
				CLANG_WARN_STRICT_PROTOTYPES = YES;
				CLANG_WARN_SUSPICIOUS_MOVE = YES;
				CLANG_WARN_UNGUARDED_AVAILABILITY = YES_AGGRESSIVE;
				CLANG_WARN_UNREACHABLE_CODE = YES;
				CLANG_WARN__DUPLICATE_METHOD_MATCH = YES;
				CODE_SIGN_IDENTITY = "iPhone Developer";
				COPY_PHASE_STRIP = NO;
				DEBUG_INFORMATION_FORMAT = "dwarf-with-dsym";
				ENABLE_NS_ASSERTIONS = NO;
				ENABLE_STRICT_OBJC_MSGSEND = YES;
				GCC_C_LANGUAGE_STANDARD = gnu11;
				GCC_NO_COMMON_BLOCKS = YES;
				GCC_WARN_64_TO_32_BIT_CONVERSION = YES;
				GCC_WARN_ABOUT_RETURN_TYPE = YES_ERROR;
				GCC_WARN_UNDECLARED_SELECTOR = YES;
				GCC_WARN_UNINITIALIZED_AUTOS = YES_AGGRESSIVE;
				GCC_WARN_UNUSED_FUNCTION = YES;
				GCC_WARN_UNUSED_VARIABLE = YES;
				IPHONEOS_DEPLOYMENT_TARGET = 10.0;
				MTL_ENABLE_DEBUG_INFO = NO;
				SDKROOT = iphoneos;
				SWIFT_OPTIMIZATION_LEVEL = "-Owholemodule";
				VALIDATE_PRODUCT = YES;
			};
			name = Release;
		};
		A85D15B2204D70AF0047C80E /* Debug */ = {
			isa = XCBuildConfiguration;
			baseConfigurationReference = 27339CE57C1D0D018F82A85B /* Pods-ImageGallery.debug.xcconfig */;
			buildSettings = {
				ASSETCATALOG_COMPILER_APPICON_NAME = AppIcon;
				CODE_SIGN_STYLE = Automatic;
				DEVELOPMENT_TEAM = 6KF8AM7J9K;
				INFOPLIST_FILE = ImageGallery/Info.plist;
				LD_RUNPATH_SEARCH_PATHS = "$(inherited) @executable_path/Frameworks";
				PRODUCT_BUNDLE_IDENTIFIER = com.arslan.ImageGallery;
				PRODUCT_NAME = "$(TARGET_NAME)";
				SWIFT_VERSION = 4.0;
				TARGETED_DEVICE_FAMILY = "1,2";
			};
			name = Debug;
		};
		A85D15B3204D70AF0047C80E /* Release */ = {
			isa = XCBuildConfiguration;
			baseConfigurationReference = A1FA458A708820A98B42BF48 /* Pods-ImageGallery.release.xcconfig */;
			buildSettings = {
				ASSETCATALOG_COMPILER_APPICON_NAME = AppIcon;
				CODE_SIGN_STYLE = Automatic;
				DEVELOPMENT_TEAM = 6KF8AM7J9K;
				INFOPLIST_FILE = ImageGallery/Info.plist;
				LD_RUNPATH_SEARCH_PATHS = "$(inherited) @executable_path/Frameworks";
				PRODUCT_BUNDLE_IDENTIFIER = com.arslan.ImageGallery;
				PRODUCT_NAME = "$(TARGET_NAME)";
				SWIFT_VERSION = 4.0;
				TARGETED_DEVICE_FAMILY = "1,2";
			};
			name = Release;
		};
		A85D15B5204D70AF0047C80E /* Debug */ = {
			isa = XCBuildConfiguration;
			baseConfigurationReference = 142A3E92E53086D065439A26 /* Pods-ImageGalleryTests.debug.xcconfig */;
			buildSettings = {
				ALWAYS_EMBED_SWIFT_STANDARD_LIBRARIES = YES;
				BUNDLE_LOADER = "$(TEST_HOST)";
				CODE_SIGN_STYLE = Automatic;
				DEVELOPMENT_TEAM = 6KF8AM7J9K;
				INFOPLIST_FILE = ImageGalleryTests/Info.plist;
				LD_RUNPATH_SEARCH_PATHS = "$(inherited) @executable_path/Frameworks @loader_path/Frameworks";
				PRODUCT_BUNDLE_IDENTIFIER = com.arslan.ImageGalleryTests;
				PRODUCT_NAME = "$(TARGET_NAME)";
				SWIFT_VERSION = 4.0;
				TARGETED_DEVICE_FAMILY = "1,2";
				TEST_HOST = "$(BUILT_PRODUCTS_DIR)/ImageGallery.app/ImageGallery";
			};
			name = Debug;
		};
		A85D15B6204D70AF0047C80E /* Release */ = {
			isa = XCBuildConfiguration;
			baseConfigurationReference = 4BBAFC6B1F11D4D72EA0E9A9 /* Pods-ImageGalleryTests.release.xcconfig */;
			buildSettings = {
				ALWAYS_EMBED_SWIFT_STANDARD_LIBRARIES = YES;
				BUNDLE_LOADER = "$(TEST_HOST)";
				CODE_SIGN_STYLE = Automatic;
				DEVELOPMENT_TEAM = 6KF8AM7J9K;
				INFOPLIST_FILE = ImageGalleryTests/Info.plist;
				LD_RUNPATH_SEARCH_PATHS = "$(inherited) @executable_path/Frameworks @loader_path/Frameworks";
				PRODUCT_BUNDLE_IDENTIFIER = com.arslan.ImageGalleryTests;
				PRODUCT_NAME = "$(TARGET_NAME)";
				SWIFT_VERSION = 4.0;
				TARGETED_DEVICE_FAMILY = "1,2";
				TEST_HOST = "$(BUILT_PRODUCTS_DIR)/ImageGallery.app/ImageGallery";
			};
			name = Release;
		};
/* End XCBuildConfiguration section */

/* Begin XCConfigurationList section */
		A85D158F204D70AF0047C80E /* Build configuration list for PBXProject "ImageGallery" */ = {
			isa = XCConfigurationList;
			buildConfigurations = (
				A85D15AF204D70AF0047C80E /* Debug */,
				A85D15B0204D70AF0047C80E /* Release */,
			);
			defaultConfigurationIsVisible = 0;
			defaultConfigurationName = Release;
		};
		A85D15B1204D70AF0047C80E /* Build configuration list for PBXNativeTarget "ImageGallery" */ = {
			isa = XCConfigurationList;
			buildConfigurations = (
				A85D15B2204D70AF0047C80E /* Debug */,
				A85D15B3204D70AF0047C80E /* Release */,
			);
			defaultConfigurationIsVisible = 0;
			defaultConfigurationName = Release;
		};
		A85D15B4204D70AF0047C80E /* Build configuration list for PBXNativeTarget "ImageGalleryTests" */ = {
			isa = XCConfigurationList;
			buildConfigurations = (
				A85D15B5204D70AF0047C80E /* Debug */,
				A85D15B6204D70AF0047C80E /* Release */,
			);
			defaultConfigurationIsVisible = 0;
			defaultConfigurationName = Release;
		};
/* End XCConfigurationList section */
	};
	rootObject = A85D158C204D70AF0047C80E /* Project object */;
}
